
Microsoft Visual Studio Solution File, Format Version 12.00
# Visual Studio 2012
Project("{FAE04EC0-301F-11D3-BF4B-00C04F79EFBC}") = "SIRE.Administracion.UI.MVC", "SIRE.Administracion.UI.MVC\SIRE.Administracion.UI.MVC.csproj", "{59BF68EC-69F2-4C1D-9691-C1FF8264D24A}"
EndProject
Project("{FAE04EC0-301F-11D3-BF4B-00C04F79EFBC}") = "SIRE.Administracion.Datos", "SIRE.Administracion.Datos\SIRE.Administracion.Datos.csproj", "{3D27D514-CC0F-4826-A6E6-7967B45EBA97}"
EndProject
Project("{FAE04EC0-301F-11D3-BF4B-00C04F79EFBC}") = "SIRE.Administracion.Ds", "SIRE.Administracion.Ds\SIRE.Administracion.Ds.csproj", "{1647804A-7355-43FA-81F6-4CD1CB43207C}"
EndProject
Project("{FAE04EC0-301F-11D3-BF4B-00C04F79EFBC}") = "SIRE.Administracion.Bs", "SIRE.Administracion.Bs\SIRE.Administracion.Bs.csproj", "{49950066-BBBC-4CD3-956D-F344901BE57D}"
EndProject
Global
	GlobalSection(SolutionConfigurationPlatforms) = preSolution
		Debug|Any CPU = Debug|Any CPU
		Release|Any CPU = Release|Any CPU
	EndGlobalSection
	GlobalSection(ProjectConfigurationPlatforms) = postSolution
		{59BF68EC-69F2-4C1D-9691-C1FF8264D24A}.Debug|Any CPU.ActiveCfg = Debug|Any CPU
		{59BF68EC-69F2-4C1D-9691-C1FF8264D24A}.Debug|Any CPU.Build.0 = Debug|Any CPU
		{59BF68EC-69F2-4C1D-9691-C1FF8264D24A}.Release|Any CPU.ActiveCfg = Release|Any CPU
		{59BF68EC-69F2-4C1D-9691-C1FF8264D24A}.Release|Any CPU.Build.0 = Release|Any CPU
		{3D27D514-CC0F-4826-A6E6-7967B45EBA97}.Debug|Any CPU.ActiveCfg = Debug|Any CPU
		{3D27D514-CC0F-4826-A6E6-7967B45EBA97}.Debug|Any CPU.Build.0 = Debug|Any CPU
		{3D27D514-CC0F-4826-A6E6-7967B45EBA97}.Release|Any CPU.ActiveCfg = Release|Any CPU
		{3D27D514-CC0F-4826-A6E6-7967B45EBA97}.Release|Any CPU.Build.0 = Release|Any CPU
		{1647804A-7355-43FA-81F6-4CD1CB43207C}.Debug|Any CPU.ActiveCfg = Debug|Any CPU
		{1647804A-7355-43FA-81F6-4CD1CB43207C}.Debug|Any CPU.Build.0 = Debug|Any CPU
		{1647804A-7355-43FA-81F6-4CD1CB43207C}.Release|Any CPU.ActiveCfg = Release|Any CPU
		{1647804A-7355-43FA-81F6-4CD1CB43207C}.Release|Any CPU.Build.0 = Release|Any CPU
		{49950066-BBBC-4CD3-956D-F344901BE57D}.Debug|Any CPU.ActiveCfg = Debug|Any CPU
		{49950066-BBBC-4CD3-956D-F344901BE57D}.Debug|Any CPU.Build.0 = Debug|Any CPU
		{49950066-BBBC-4CD3-956D-F344901BE57D}.Release|Any CPU.ActiveCfg = Release|Any CPU
		{49950066-BBBC-4CD3-956D-F344901BE57D}.Release|Any CPU.Build.0 = Release|Any CPU
	EndGlobalSection
	GlobalSection(SolutionProperties) = preSolution
		HideSolutionNode = FALSE
	EndGlobalSection
EndGlobal
